
Microsoft Visual Studio Solution File, Format Version 12.00
# Visual Studio Version 17
VisualStudioVersion = 17.3.32825.248
MinimumVisualStudioVersion = 10.0.40219.1
Project("{9A19103F-16F7-4668-BE54-9A1E7A4F7556}") = "Apsitvarkom.Api", "Apsitvarkom.Api\Apsitvarkom.Api.csproj", "{E8C10E23-05F5-4A6F-BB6D-0504A26F22BD}"
EndProject
Project("{FAE04EC0-301F-11D3-BF4B-00C04F79EFBC}") = "Apsitvarkom.Models", "Apsitvarkom.Models\Apsitvarkom.Models.csproj", "{116D34CA-35A8-4632-BAA8-DD10C02C1669}"
EndProject
Global
	GlobalSection(SolutionConfigurationPlatforms) = preSolution
		Debug|Any CPU = Debug|Any CPU
		Release|Any CPU = Release|Any CPU
	EndGlobalSection
	GlobalSection(ProjectConfigurationPlatforms) = postSolution
		{E8C10E23-05F5-4A6F-BB6D-0504A26F22BD}.Debug|Any CPU.ActiveCfg = Debug|Any CPU
		{E8C10E23-05F5-4A6F-BB6D-0504A26F22BD}.Debug|Any CPU.Build.0 = Debug|Any CPU
		{E8C10E23-05F5-4A6F-BB6D-0504A26F22BD}.Release|Any CPU.ActiveCfg = Release|Any CPU
		{E8C10E23-05F5-4A6F-BB6D-0504A26F22BD}.Release|Any CPU.Build.0 = Release|Any CPU
		{116D34CA-35A8-4632-BAA8-DD10C02C1669}.Debug|Any CPU.ActiveCfg = Debug|Any CPU
		{116D34CA-35A8-4632-BAA8-DD10C02C1669}.Debug|Any CPU.Build.0 = Debug|Any CPU
		{116D34CA-35A8-4632-BAA8-DD10C02C1669}.Release|Any CPU.ActiveCfg = Release|Any CPU
		{116D34CA-35A8-4632-BAA8-DD10C02C1669}.Release|Any CPU.Build.0 = Release|Any CPU
	EndGlobalSection
	GlobalSection(SolutionProperties) = preSolution
		HideSolutionNode = FALSE
	EndGlobalSection
	GlobalSection(ExtensibilityGlobals) = postSolution
		SolutionGuid = {F8AA330D-39ED-4237-A8C8-9B9DBFA86C67}
	EndGlobalSection
EndGlobal
